
Microsoft Visual Studio Solution File, Format Version 12.00
# Visual Studio 15
VisualStudioVersion = 15.0.27130.2036
MinimumVisualStudioVersion = 10.0.40219.1
Project("{9A19103F-16F7-4668-BE54-9A1E7A4F7556}") = "Mutex.Data.SqlClient", "SqlClient\Mutex.Data.SqlClient.csproj", "{C4E29034-36D9-4BBC-BC21-61DAFDE0B488}"
EndProject
Project("{9A19103F-16F7-4668-BE54-9A1E7A4F7556}") = "Mutex.Data.Client", "Client\Mutex.Data.Client.csproj", "{DD97E77E-E040-48D4-9714-0A6AE5CE9EA2}"
EndProject
Project("{9A19103F-16F7-4668-BE54-9A1E7A4F7556}") = "Mutex.Data.Core", "Core\Mutex.Data.Core.csproj", "{FA19B56C-AB5F-4327-B6E7-6ABA1BE468A8}"
EndProject
Global
	GlobalSection(SolutionConfigurationPlatforms) = preSolution
		Debug|Any CPU = Debug|Any CPU
		Release|Any CPU = Release|Any CPU
	EndGlobalSection
	GlobalSection(ProjectConfigurationPlatforms) = postSolution
		{C4E29034-36D9-4BBC-BC21-61DAFDE0B488}.Debug|Any CPU.ActiveCfg = Debug|Any CPU
		{C4E29034-36D9-4BBC-BC21-61DAFDE0B488}.Debug|Any CPU.Build.0 = Debug|Any CPU
		{C4E29034-36D9-4BBC-BC21-61DAFDE0B488}.Release|Any CPU.ActiveCfg = Release|Any CPU
		{C4E29034-36D9-4BBC-BC21-61DAFDE0B488}.Release|Any CPU.Build.0 = Release|Any CPU
		{DD97E77E-E040-48D4-9714-0A6AE5CE9EA2}.Debug|Any CPU.ActiveCfg = Debug|Any CPU
		{DD97E77E-E040-48D4-9714-0A6AE5CE9EA2}.Debug|Any CPU.Build.0 = Debug|Any CPU
		{DD97E77E-E040-48D4-9714-0A6AE5CE9EA2}.Release|Any CPU.ActiveCfg = Release|Any CPU
		{DD97E77E-E040-48D4-9714-0A6AE5CE9EA2}.Release|Any CPU.Build.0 = Release|Any CPU
		{FA19B56C-AB5F-4327-B6E7-6ABA1BE468A8}.Debug|Any CPU.ActiveCfg = Debug|Any CPU
		{FA19B56C-AB5F-4327-B6E7-6ABA1BE468A8}.Debug|Any CPU.Build.0 = Debug|Any CPU
		{FA19B56C-AB5F-4327-B6E7-6ABA1BE468A8}.Release|Any CPU.ActiveCfg = Release|Any CPU
		{FA19B56C-AB5F-4327-B6E7-6ABA1BE468A8}.Release|Any CPU.Build.0 = Release|Any CPU
	EndGlobalSection
	GlobalSection(SolutionProperties) = preSolution
		HideSolutionNode = FALSE
	EndGlobalSection
	GlobalSection(ExtensibilityGlobals) = postSolution
		SolutionGuid = {89F04D9B-F8CC-42CF-B94D-88B91293A739}
	EndGlobalSection
EndGlobal
